
Microsoft Visual Studio Solution File, Format Version 12.00
# Visual Studio Version 17
VisualStudioVersion = 17.0.31903.59
MinimumVisualStudioVersion = 10.0.40219.1
Project("{2150E333-8FDC-42A3-9474-1A3956D46DE8}") = "src", "src", "{39012E3C-50A7-477B-8672-7883D0F4C5F1}"
EndProject
Project("{FAE04EC0-301F-11D3-BF4B-00C04F79EFBC}") = "Simetra", "src\Simetra\Simetra.csproj", "{3A57C926-E21C-4884-8165-A690A4EB7063}"
EndProject
Project("{2150E333-8FDC-42A3-9474-1A3956D46DE8}") = "tests", "tests", "{9566E78A-309F-4D09-A965-497274A8AA2F}"
EndProject
Project("{FAE04EC0-301F-11D3-BF4B-00C04F79EFBC}") = "Simetra.Tests", "tests\Simetra.Tests\Simetra.Tests.csproj", "{17ED46DE-BD5A-4B12-960C-D749FB7962EA}"
EndProject
Global
	GlobalSection(SolutionConfigurationPlatforms) = preSolution
		Debug|Any CPU = Debug|Any CPU
		Release|Any CPU = Release|Any CPU
	EndGlobalSection
	GlobalSection(SolutionProperties) = preSolution
		HideSolutionNode = FALSE
	EndGlobalSection
	GlobalSection(ProjectConfigurationPlatforms) = postSolution
		{3A57C926-E21C-4884-8165-A690A4EB7063}.Debug|Any CPU.ActiveCfg = Debug|Any CPU
		{3A57C926-E21C-4884-8165-A690A4EB7063}.Debug|Any CPU.Build.0 = Debug|Any CPU
		{3A57C926-E21C-4884-8165-A690A4EB7063}.Release|Any CPU.ActiveCfg = Release|Any CPU
		{3A57C926-E21C-4884-8165-A690A4EB7063}.Release|Any CPU.Build.0 = Release|Any CPU
		{17ED46DE-BD5A-4B12-960C-D749FB7962EA}.Debug|Any CPU.ActiveCfg = Debug|Any CPU
		{17ED46DE-BD5A-4B12-960C-D749FB7962EA}.Debug|Any CPU.Build.0 = Debug|Any CPU
		{17ED46DE-BD5A-4B12-960C-D749FB7962EA}.Release|Any CPU.ActiveCfg = Release|Any CPU
		{17ED46DE-BD5A-4B12-960C-D749FB7962EA}.Release|Any CPU.Build.0 = Release|Any CPU
	EndGlobalSection
	GlobalSection(NestedProjects) = preSolution
		{3A57C926-E21C-4884-8165-A690A4EB7063} = {39012E3C-50A7-477B-8672-7883D0F4C5F1}
		{17ED46DE-BD5A-4B12-960C-D749FB7962EA} = {9566E78A-309F-4D09-A965-497274A8AA2F}
	EndGlobalSection
EndGlobal
